
Microsoft Visual Studio Solution File, Format Version 12.00
# Visual Studio Version 17
VisualStudioVersion = 17.5.002.0
MinimumVisualStudioVersion = 10.0.40219.1
Project("{9A19103F-16F7-4668-BE54-9A1E7A4F7556}") = "C#_projects", "C#_projects.csproj", "{B4338603-2D0D-4A81-B9CB-BD62207C3E09}"
EndProject
Global
	GlobalSection(SolutionConfigurationPlatforms) = preSolution
		Debug|Any CPU = Debug|Any CPU
		Release|Any CPU = Release|Any CPU
	EndGlobalSection
	GlobalSection(ProjectConfigurationPlatforms) = postSolution
		{B4338603-2D0D-4A81-B9CB-BD62207C3E09}.Debug|Any CPU.ActiveCfg = Debug|Any CPU
		{B4338603-2D0D-4A81-B9CB-BD62207C3E09}.Debug|Any CPU.Build.0 = Debug|Any CPU
		{B4338603-2D0D-4A81-B9CB-BD62207C3E09}.Release|Any CPU.ActiveCfg = Release|Any CPU
		{B4338603-2D0D-4A81-B9CB-BD62207C3E09}.Release|Any CPU.Build.0 = Release|Any CPU
	EndGlobalSection
	GlobalSection(SolutionProperties) = preSolution
		HideSolutionNode = FALSE
	EndGlobalSection
	GlobalSection(ExtensibilityGlobals) = postSolution
		SolutionGuid = {E344C8BD-A4EE-4EFC-9AA6-36B14CFCE355}
	EndGlobalSection
EndGlobal
